// !$*UTF8*$!
{
	archiveVersion = 1;
	classes = {
	};
	objectVersion = 46;
	objects = {

/* Begin PBXBuildFile section */
		849D583C1F793FA300D746D1 /* HomePageVC.swift in Sources */ = {isa = PBXBuildFile; fileRef = 849D583B1F793FA300D746D1 /* HomePageVC.swift */; };
		849D583E1F795C1B00D746D1 /* ProfileVC.swift in Sources */ = {isa = PBXBuildFile; fileRef = 849D583D1F795C1B00D746D1 /* ProfileVC.swift */; };
		849F97871F7B904E009997E1 /* L102Language.swift in Sources */ = {isa = PBXBuildFile; fileRef = 849F97831F7B904E009997E1 /* L102Language.swift */; };
		849F97881F7B904E009997E1 /* MirroringLabel.swift in Sources */ = {isa = PBXBuildFile; fileRef = 849F97841F7B904E009997E1 /* MirroringLabel.swift */; };
		849F97891F7B904E009997E1 /* MirroringViewController.swift in Sources */ = {isa = PBXBuildFile; fileRef = 849F97851F7B904E009997E1 /* MirroringViewController.swift */; };
		849F978A1F7B904E009997E1 /* L012Localizer.swift in Sources */ = {isa = PBXBuildFile; fileRef = 849F97861F7B904E009997E1 /* L012Localizer.swift */; };
		849F978F1F7B956E009997E1 /* HelpeMenuVC.swift in Sources */ = {isa = PBXBuildFile; fileRef = 849F978D1F7B956E009997E1 /* HelpeMenuVC.swift */; };
		849F97901F7B956E009997E1 /* HelpeMenuVC.xib in Resources */ = {isa = PBXBuildFile; fileRef = 849F978E1F7B956E009997E1 /* HelpeMenuVC.xib */; };
		84B356081F78F58000BE70A0 /* RegisterListOfDataCell.swift in Sources */ = {isa = PBXBuildFile; fileRef = 84B356071F78F58000BE70A0 /* RegisterListOfDataCell.swift */; };
		84CA96921F77A922004AA3D8 /* AppDelegate.swift in Sources */ = {isa = PBXBuildFile; fileRef = 84CA96911F77A922004AA3D8 /* AppDelegate.swift */; };
		84CA96941F77A922004AA3D8 /* ViewController.swift in Sources */ = {isa = PBXBuildFile; fileRef = 84CA96931F77A922004AA3D8 /* ViewController.swift */; };
		84CA96971F77A922004AA3D8 /* Main.storyboard in Resources */ = {isa = PBXBuildFile; fileRef = 84CA96951F77A922004AA3D8 /* Main.storyboard */; };
		84CA96991F77A922004AA3D8 /* Assets.xcassets in Resources */ = {isa = PBXBuildFile; fileRef = 84CA96981F77A922004AA3D8 /* Assets.xcassets */; };
		84CA969C1F77A922004AA3D8 /* LaunchScreen.storyboard in Resources */ = {isa = PBXBuildFile; fileRef = 84CA969A1F77A922004AA3D8 /* LaunchScreen.storyboard */; };
		84CA96B11F77A998004AA3D8 /* RegisterVC.xib in Resources */ = {isa = PBXBuildFile; fileRef = 84CA96A91F77A998004AA3D8 /* RegisterVC.xib */; };
		84CA96B21F77A998004AA3D8 /* LoginVC.xib in Resources */ = {isa = PBXBuildFile; fileRef = 84CA96AA1F77A998004AA3D8 /* LoginVC.xib */; };
		84CA96B51F77AA10004AA3D8 /* LoginVC.swift in Sources */ = {isa = PBXBuildFile; fileRef = 84CA96B41F77AA10004AA3D8 /* LoginVC.swift */; };
		84D4C6CF1F77B06E00D49B8D /* Helpers.swift in Sources */ = {isa = PBXBuildFile; fileRef = 84D4C6CE1F77B06E00D49B8D /* Helpers.swift */; };
		84D4C6D11F77B18600D49B8D /* RegisterVC.swift in Sources */ = {isa = PBXBuildFile; fileRef = 84D4C6D01F77B18600D49B8D /* RegisterVC.swift */; };
		84D4C6D31F77D48C00D49B8D /* MaterialView.swift in Sources */ = {isa = PBXBuildFile; fileRef = 84D4C6D21F77D48C00D49B8D /* MaterialView.swift */; };
		84D4C6E01F77D50500D49B8D /* UIButtonX.swift in Sources */ = {isa = PBXBuildFile; fileRef = 84D4C6D61F77D50500D49B8D /* UIButtonX.swift */; };
		84D4C6E11F77D50500D49B8D /* UIImageViewX.swift in Sources */ = {isa = PBXBuildFile; fileRef = 84D4C6D71F77D50500D49B8D /* UIImageViewX.swift */; };
		84D4C6E21F77D50500D49B8D /* UILabelX.swift in Sources */ = {isa = PBXBuildFile; fileRef = 84D4C6D81F77D50500D49B8D /* UILabelX.swift */; };
		84D4C6E31F77D50500D49B8D /* UISliderX.swift in Sources */ = {isa = PBXBuildFile; fileRef = 84D4C6D91F77D50500D49B8D /* UISliderX.swift */; };
		84D4C6E41F77D50500D49B8D /* UITextFieldX.swift in Sources */ = {isa = PBXBuildFile; fileRef = 84D4C6DA1F77D50500D49B8D /* UITextFieldX.swift */; };
		84D4C6E51F77D50500D49B8D /* UIViewAnchorPoint.swift in Sources */ = {isa = PBXBuildFile; fileRef = 84D4C6DB1F77D50500D49B8D /* UIViewAnchorPoint.swift */; };
		84D4C6E61F77D50500D49B8D /* UIViewControllerX.swift in Sources */ = {isa = PBXBuildFile; fileRef = 84D4C6DC1F77D50500D49B8D /* UIViewControllerX.swift */; };
		84D4C6E71F77D50500D49B8D /* UIViewX.swift in Sources */ = {isa = PBXBuildFile; fileRef = 84D4C6DD1F77D50500D49B8D /* UIViewX.swift */; };
		84D4C6E81F77D50500D49B8D /* UIViewXRadialGradient.swift in Sources */ = {isa = PBXBuildFile; fileRef = 84D4C6DE1F77D50500D49B8D /* UIViewXRadialGradient.swift */; };
		84D4C6E91F77D50500D49B8D /* UIVisualEffectViewX.swift in Sources */ = {isa = PBXBuildFile; fileRef = 84D4C6DF1F77D50500D49B8D /* UIVisualEffectViewX.swift */; };
		84D4C6EB1F77D51900D49B8D /* Constants.swift in Sources */ = {isa = PBXBuildFile; fileRef = 84D4C6EA1F77D51900D49B8D /* Constants.swift */; };
		84D4C6EF1F77D63C00D49B8D /* ForgotPasswordVC.swift in Sources */ = {isa = PBXBuildFile; fileRef = 84D4C6ED1F77D63C00D49B8D /* ForgotPasswordVC.swift */; };
		84D4C6F01F77D63C00D49B8D /* ForgotPasswordVC.xib in Resources */ = {isa = PBXBuildFile; fileRef = 84D4C6EE1F77D63C00D49B8D /* ForgotPasswordVC.xib */; };
		84D4C6F31F77D93A00D49B8D /* RegisterationDetailsVC.swift in Sources */ = {isa = PBXBuildFile; fileRef = 84D4C6F11F77D93A00D49B8D /* RegisterationDetailsVC.swift */; };
		84D4C6F81F77E89000D49B8D /* RegisterTimeSlotCell.swift in Sources */ = {isa = PBXBuildFile; fileRef = 84D4C6F71F77E89000D49B8D /* RegisterTimeSlotCell.swift */; };
		84D4C6FA1F77FE3900D49B8D /* RegisterDataSelectionVC.swift in Sources */ = {isa = PBXBuildFile; fileRef = 84D4C6F91F77FE3900D49B8D /* RegisterDataSelectionVC.swift */; };
		84E36AB91F7A57500010FEF7 /* OrdersTVC.swift in Sources */ = {isa = PBXBuildFile; fileRef = 84E36AB81F7A57500010FEF7 /* OrdersTVC.swift */; };
		84E36ABB1F7A57970010FEF7 /* OrdersCell.swift in Sources */ = {isa = PBXBuildFile; fileRef = 84E36ABA1F7A57970010FEF7 /* OrdersCell.swift */; };
		84E36ABD1F7A7CF30010FEF7 /* NewOrderVC.swift in Sources */ = {isa = PBXBuildFile; fileRef = 84E36ABC1F7A7CF30010FEF7 /* NewOrderVC.swift */; };
		C03F23275E4B0C1359C4671F /* Pods_RunnerApp.framework in Frameworks */ = {isa = PBXBuildFile; fileRef = 71B2943EC3B75E4025B7FE18 /* Pods_RunnerApp.framework */; };
/* End PBXBuildFile section */

/* Begin PBXFileReference section */
		71B2943EC3B75E4025B7FE18 /* Pods_RunnerApp.framework */ = {isa = PBXFileReference; explicitFileType = wrapper.framework; includeInIndex = 0; path = Pods_RunnerApp.framework; sourceTree = BUILT_PRODUCTS_DIR; };
		849D583B1F793FA300D746D1 /* HomePageVC.swift */ = {isa = PBXFileReference; fileEncoding = 4; lastKnownFileType = sourcecode.swift; path = HomePageVC.swift; sourceTree = "<group>"; };
		849D583D1F795C1B00D746D1 /* ProfileVC.swift */ = {isa = PBXFileReference; fileEncoding = 4; lastKnownFileType = sourcecode.swift; path = ProfileVC.swift; sourceTree = "<group>"; };
		849F97831F7B904E009997E1 /* L102Language.swift */ = {isa = PBXFileReference; lastKnownFileType = sourcecode.swift; path = L102Language.swift; sourceTree = "<group>"; };
		849F97841F7B904E009997E1 /* MirroringLabel.swift */ = {isa = PBXFileReference; lastKnownFileType = sourcecode.swift; path = MirroringLabel.swift; sourceTree = "<group>"; };
		849F97851F7B904E009997E1 /* MirroringViewController.swift */ = {isa = PBXFileReference; lastKnownFileType = sourcecode.swift; path = MirroringViewController.swift; sourceTree = "<group>"; };
		849F97861F7B904E009997E1 /* L012Localizer.swift */ = {isa = PBXFileReference; lastKnownFileType = sourcecode.swift; path = L012Localizer.swift; sourceTree = "<group>"; };
		849F978D1F7B956E009997E1 /* HelpeMenuVC.swift */ = {isa = PBXFileReference; lastKnownFileType = sourcecode.swift; path = HelpeMenuVC.swift; sourceTree = "<group>"; };
		849F978E1F7B956E009997E1 /* HelpeMenuVC.xib */ = {isa = PBXFileReference; lastKnownFileType = file.xib; path = HelpeMenuVC.xib; sourceTree = "<group>"; };
		84B356071F78F58000BE70A0 /* RegisterListOfDataCell.swift */ = {isa = PBXFileReference; fileEncoding = 4; lastKnownFileType = sourcecode.swift; path = RegisterListOfDataCell.swift; sourceTree = "<group>"; };
		84CA968E1F77A922004AA3D8 /* RunnerApp.app */ = {isa = PBXFileReference; explicitFileType = wrapper.application; includeInIndex = 0; path = RunnerApp.app; sourceTree = BUILT_PRODUCTS_DIR; };
		84CA96911F77A922004AA3D8 /* AppDelegate.swift */ = {isa = PBXFileReference; lastKnownFileType = sourcecode.swift; path = AppDelegate.swift; sourceTree = "<group>"; };
		84CA96931F77A922004AA3D8 /* ViewController.swift */ = {isa = PBXFileReference; lastKnownFileType = sourcecode.swift; path = ViewController.swift; sourceTree = "<group>"; };
		84CA96961F77A922004AA3D8 /* Base */ = {isa = PBXFileReference; lastKnownFileType = file.storyboard; name = Base; path = Base.lproj/Main.storyboard; sourceTree = "<group>"; };
		84CA96981F77A922004AA3D8 /* Assets.xcassets */ = {isa = PBXFileReference; lastKnownFileType = folder.assetcatalog; path = Assets.xcassets; sourceTree = "<group>"; };
		84CA969B1F77A922004AA3D8 /* Base */ = {isa = PBXFileReference; lastKnownFileType = file.storyboard; name = Base; path = Base.lproj/LaunchScreen.storyboard; sourceTree = "<group>"; };
		84CA969D1F77A922004AA3D8 /* Info.plist */ = {isa = PBXFileReference; lastKnownFileType = text.plist.xml; path = Info.plist; sourceTree = "<group>"; };
		84CA96A91F77A998004AA3D8 /* RegisterVC.xib */ = {isa = PBXFileReference; fileEncoding = 4; lastKnownFileType = file.xib; path = RegisterVC.xib; sourceTree = "<group>"; };
		84CA96AA1F77A998004AA3D8 /* LoginVC.xib */ = {isa = PBXFileReference; fileEncoding = 4; lastKnownFileType = file.xib; path = LoginVC.xib; sourceTree = "<group>"; };
		84CA96B41F77AA10004AA3D8 /* LoginVC.swift */ = {isa = PBXFileReference; fileEncoding = 4; lastKnownFileType = sourcecode.swift; path = LoginVC.swift; sourceTree = "<group>"; };
		84D4C6CE1F77B06E00D49B8D /* Helpers.swift */ = {isa = PBXFileReference; fileEncoding = 4; lastKnownFileType = sourcecode.swift; path = Helpers.swift; sourceTree = "<group>"; };
		84D4C6D01F77B18600D49B8D /* RegisterVC.swift */ = {isa = PBXFileReference; fileEncoding = 4; lastKnownFileType = sourcecode.swift; path = RegisterVC.swift; sourceTree = "<group>"; };
		84D4C6D21F77D48C00D49B8D /* MaterialView.swift */ = {isa = PBXFileReference; fileEncoding = 4; lastKnownFileType = sourcecode.swift; path = MaterialView.swift; sourceTree = "<group>"; };
		84D4C6D61F77D50500D49B8D /* UIButtonX.swift */ = {isa = PBXFileReference; fileEncoding = 4; lastKnownFileType = sourcecode.swift; path = UIButtonX.swift; sourceTree = "<group>"; };
		84D4C6D71F77D50500D49B8D /* UIImageViewX.swift */ = {isa = PBXFileReference; fileEncoding = 4; lastKnownFileType = sourcecode.swift; path = UIImageViewX.swift; sourceTree = "<group>"; };
		84D4C6D81F77D50500D49B8D /* UILabelX.swift */ = {isa = PBXFileReference; fileEncoding = 4; lastKnownFileType = sourcecode.swift; path = UILabelX.swift; sourceTree = "<group>"; };
		84D4C6D91F77D50500D49B8D /* UISliderX.swift */ = {isa = PBXFileReference; fileEncoding = 4; lastKnownFileType = sourcecode.swift; path = UISliderX.swift; sourceTree = "<group>"; };
		84D4C6DA1F77D50500D49B8D /* UITextFieldX.swift */ = {isa = PBXFileReference; fileEncoding = 4; lastKnownFileType = sourcecode.swift; path = UITextFieldX.swift; sourceTree = "<group>"; };
		84D4C6DB1F77D50500D49B8D /* UIViewAnchorPoint.swift */ = {isa = PBXFileReference; fileEncoding = 4; lastKnownFileType = sourcecode.swift; path = UIViewAnchorPoint.swift; sourceTree = "<group>"; };
		84D4C6DC1F77D50500D49B8D /* UIViewControllerX.swift */ = {isa = PBXFileReference; fileEncoding = 4; lastKnownFileType = sourcecode.swift; path = UIViewControllerX.swift; sourceTree = "<group>"; };
		84D4C6DD1F77D50500D49B8D /* UIViewX.swift */ = {isa = PBXFileReference; fileEncoding = 4; lastKnownFileType = sourcecode.swift; path = UIViewX.swift; sourceTree = "<group>"; };
		84D4C6DE1F77D50500D49B8D /* UIViewXRadialGradient.swift */ = {isa = PBXFileReference; fileEncoding = 4; lastKnownFileType = sourcecode.swift; path = UIViewXRadialGradient.swift; sourceTree = "<group>"; };
		84D4C6DF1F77D50500D49B8D /* UIVisualEffectViewX.swift */ = {isa = PBXFileReference; fileEncoding = 4; lastKnownFileType = sourcecode.swift; path = UIVisualEffectViewX.swift; sourceTree = "<group>"; };
		84D4C6EA1F77D51900D49B8D /* Constants.swift */ = {isa = PBXFileReference; fileEncoding = 4; lastKnownFileType = sourcecode.swift; path = Constants.swift; sourceTree = "<group>"; };
		84D4C6ED1F77D63C00D49B8D /* ForgotPasswordVC.swift */ = {isa = PBXFileReference; fileEncoding = 4; lastKnownFileType = sourcecode.swift; path = ForgotPasswordVC.swift; sourceTree = "<group>"; };
		84D4C6EE1F77D63C00D49B8D /* ForgotPasswordVC.xib */ = {isa = PBXFileReference; fileEncoding = 4; lastKnownFileType = file.xib; path = ForgotPasswordVC.xib; sourceTree = "<group>"; };
		84D4C6F11F77D93A00D49B8D /* RegisterationDetailsVC.swift */ = {isa = PBXFileReference; fileEncoding = 4; lastKnownFileType = sourcecode.swift; path = RegisterationDetailsVC.swift; sourceTree = "<group>"; };
		84D4C6F71F77E89000D49B8D /* RegisterTimeSlotCell.swift */ = {isa = PBXFileReference; fileEncoding = 4; lastKnownFileType = sourcecode.swift; path = RegisterTimeSlotCell.swift; sourceTree = "<group>"; };
		84D4C6F91F77FE3900D49B8D /* RegisterDataSelectionVC.swift */ = {isa = PBXFileReference; fileEncoding = 4; lastKnownFileType = sourcecode.swift; path = RegisterDataSelectionVC.swift; sourceTree = "<group>"; };
		84E36AB81F7A57500010FEF7 /* OrdersTVC.swift */ = {isa = PBXFileReference; lastKnownFileType = sourcecode.swift; path = OrdersTVC.swift; sourceTree = "<group>"; };
		84E36ABA1F7A57970010FEF7 /* OrdersCell.swift */ = {isa = PBXFileReference; lastKnownFileType = sourcecode.swift; path = OrdersCell.swift; sourceTree = "<group>"; };
		84E36ABC1F7A7CF30010FEF7 /* NewOrderVC.swift */ = {isa = PBXFileReference; lastKnownFileType = sourcecode.swift; path = NewOrderVC.swift; sourceTree = "<group>"; };
		C7FB78612D8E0E4C39EBD4E6 /* Pods-RunnerApp.release.xcconfig */ = {isa = PBXFileReference; includeInIndex = 1; lastKnownFileType = text.xcconfig; name = "Pods-RunnerApp.release.xcconfig"; path = "Pods/Target Support Files/Pods-RunnerApp/Pods-RunnerApp.release.xcconfig"; sourceTree = "<group>"; };
		C81363A4D1FEDD168F35FC15 /* Pods-RunnerApp.debug.xcconfig */ = {isa = PBXFileReference; includeInIndex = 1; lastKnownFileType = text.xcconfig; name = "Pods-RunnerApp.debug.xcconfig"; path = "Pods/Target Support Files/Pods-RunnerApp/Pods-RunnerApp.debug.xcconfig"; sourceTree = "<group>"; };
/* End PBXFileReference section */

/* Begin PBXFrameworksBuildPhase section */
		84CA968B1F77A922004AA3D8 /* Frameworks */ = {
			isa = PBXFrameworksBuildPhase;
			buildActionMask = 2147483647;
			files = (
				C03F23275E4B0C1359C4671F /* Pods_RunnerApp.framework in Frameworks */,
			);
			runOnlyForDeploymentPostprocessing = 0;
		};
/* End PBXFrameworksBuildPhase section */

/* Begin PBXGroup section */
		556F613323BF387C943EC026 /* Pods */ = {
			isa = PBXGroup;
			children = (
				C81363A4D1FEDD168F35FC15 /* Pods-RunnerApp.debug.xcconfig */,
				C7FB78612D8E0E4C39EBD4E6 /* Pods-RunnerApp.release.xcconfig */,
			);
			name = Pods;
			sourceTree = "<group>";
		};
		6D37E6980CF00E79D0B9C771 /* Frameworks */ = {
			isa = PBXGroup;
			children = (
				71B2943EC3B75E4025B7FE18 /* Pods_RunnerApp.framework */,
			);
			name = Frameworks;
			sourceTree = "<group>";
		};
		849F978B1F7B9054009997E1 /* Localization */ = {
			isa = PBXGroup;
			children = (
				849F97861F7B904E009997E1 /* L012Localizer.swift */,
				849F97831F7B904E009997E1 /* L102Language.swift */,
				849F97841F7B904E009997E1 /* MirroringLabel.swift */,
				849F97851F7B904E009997E1 /* MirroringViewController.swift */,
			);
			path = Localization;
			sourceTree = "<group>";
		};
		84CA96851F77A922004AA3D8 = {
			isa = PBXGroup;
			children = (
				84E36ABC1F7A7CF30010FEF7 /* NewOrderVC.swift */,
				84CA96901F77A922004AA3D8 /* RunnerApp */,
				84CA968F1F77A922004AA3D8 /* Products */,
				556F613323BF387C943EC026 /* Pods */,
				6D37E6980CF00E79D0B9C771 /* Frameworks */,
			);
			sourceTree = "<group>";
		};
		84CA968F1F77A922004AA3D8 /* Products */ = {
			isa = PBXGroup;
			children = (
				84CA968E1F77A922004AA3D8 /* RunnerApp.app */,
			);
			name = Products;
			sourceTree = "<group>";
		};
		84CA96901F77A922004AA3D8 /* RunnerApp */ = {
			isa = PBXGroup;
			children = (
				84CA96911F77A922004AA3D8 /* AppDelegate.swift */,
				84CA96931F77A922004AA3D8 /* ViewController.swift */,
				84D4C6D41F77D49300D49B8D /* Helpers */,
				84CA96951F77A922004AA3D8 /* Main.storyboard */,
				84E36ABA1F7A57970010FEF7 /* OrdersCell.swift */,
				84E36AB81F7A57500010FEF7 /* OrdersTVC.swift */,
				849F978D1F7B956E009997E1 /* HelpeMenuVC.swift */,
				849F978E1F7B956E009997E1 /* HelpeMenuVC.xib */,
				849D583D1F795C1B00D746D1 /* ProfileVC.swift */,
				849D583B1F793FA300D746D1 /* HomePageVC.swift */,
				84D4C6F71F77E89000D49B8D /* RegisterTimeSlotCell.swift */,
				84CA96B31F77A9A2004AA3D8 /* Xib */,
				84CA96981F77A922004AA3D8 /* Assets.xcassets */,
				84CA969A1F77A922004AA3D8 /* LaunchScreen.storyboard */,
				84CA969D1F77A922004AA3D8 /* Info.plist */,
			);
			path = RunnerApp;
			sourceTree = "<group>";
		};
		84CA96B31F77A9A2004AA3D8 /* Xib */ = {
			isa = PBXGroup;
			children = (
				84D4C6EC1F77D5FA00D49B8D /* User */,
			);
			name = Xib;
			sourceTree = "<group>";
		};
		84D4C6D41F77D49300D49B8D /* Helpers */ = {
			isa = PBXGroup;
			children = (
				849F978B1F7B9054009997E1 /* Localization */,
				84D4C6CE1F77B06E00D49B8D /* Helpers.swift */,
				84D4C6EA1F77D51900D49B8D /* Constants.swift */,
				84D4C6D51F77D50500D49B8D /* DesignableX */,
				84D4C6D21F77D48C00D49B8D /* MaterialView.swift */,
			);
			name = Helpers;
			sourceTree = "<group>";
		};
		84D4C6D51F77D50500D49B8D /* DesignableX */ = {
			isa = PBXGroup;
			children = (
				84D4C6D61F77D50500D49B8D /* UIButtonX.swift */,
				84D4C6D71F77D50500D49B8D /* UIImageViewX.swift */,
				84D4C6D81F77D50500D49B8D /* UILabelX.swift */,
				84D4C6D91F77D50500D49B8D /* UISliderX.swift */,
				84D4C6DA1F77D50500D49B8D /* UITextFieldX.swift */,
				84D4C6DB1F77D50500D49B8D /* UIViewAnchorPoint.swift */,
				84D4C6DC1F77D50500D49B8D /* UIViewControllerX.swift */,
				84D4C6DD1F77D50500D49B8D /* UIViewX.swift */,
				84D4C6DE1F77D50500D49B8D /* UIViewXRadialGradient.swift */,
				84D4C6DF1F77D50500D49B8D /* UIVisualEffectViewX.swift */,
			);
			path = DesignableX;
			sourceTree = "<group>";
		};
		84D4C6EC1F77D5FA00D49B8D /* User */ = {
			isa = PBXGroup;
			children = (
				84D4C6D01F77B18600D49B8D /* RegisterVC.swift */,
				84CA96A91F77A998004AA3D8 /* RegisterVC.xib */,
				84CA96B41F77AA10004AA3D8 /* LoginVC.swift */,
				84CA96AA1F77A998004AA3D8 /* LoginVC.xib */,
				84D4C6ED1F77D63C00D49B8D /* ForgotPasswordVC.swift */,
				84D4C6EE1F77D63C00D49B8D /* ForgotPasswordVC.xib */,
				84D4C6F11F77D93A00D49B8D /* RegisterationDetailsVC.swift */,
				84D4C6F91F77FE3900D49B8D /* RegisterDataSelectionVC.swift */,
				84B356071F78F58000BE70A0 /* RegisterListOfDataCell.swift */,
			);
			name = User;
			sourceTree = "<group>";
		};
/* End PBXGroup section */

/* Begin PBXNativeTarget section */
		84CA968D1F77A922004AA3D8 /* RunnerApp */ = {
			isa = PBXNativeTarget;
			buildConfigurationList = 84CA96A01F77A922004AA3D8 /* Build configuration list for PBXNativeTarget "RunnerApp" */;
			buildPhases = (
				C15D00A9C5AD0C11E844981B /* [CP] Check Pods Manifest.lock */,
				84CA968A1F77A922004AA3D8 /* Sources */,
				84CA968B1F77A922004AA3D8 /* Frameworks */,
				84CA968C1F77A922004AA3D8 /* Resources */,
				E21623352BE7D056CAB6413F /* [CP] Embed Pods Frameworks */,
				A5D44A62F56D9F7B68815CD7 /* [CP] Copy Pods Resources */,
			);
			buildRules = (
			);
			dependencies = (
			);
			name = RunnerApp;
			productName = RunnerApp;
			productReference = 84CA968E1F77A922004AA3D8 /* RunnerApp.app */;
			productType = "com.apple.product-type.application";
		};
/* End PBXNativeTarget section */

/* Begin PBXProject section */
		84CA96861F77A922004AA3D8 /* Project object */ = {
			isa = PBXProject;
			attributes = {
				LastSwiftUpdateCheck = 0810;
				LastUpgradeCheck = 0810;
				ORGANIZATIONNAME = CreativeApps;
				TargetAttributes = {
					84CA968D1F77A922004AA3D8 = {
						CreatedOnToolsVersion = 8.1;
						DevelopmentTeam = YKSLKY2D83;
						ProvisioningStyle = Automatic;
					};
				};
			};
			buildConfigurationList = 84CA96891F77A922004AA3D8 /* Build configuration list for PBXProject "RunnerApp" */;
			compatibilityVersion = "Xcode 3.2";
			developmentRegion = English;
			hasScannedForEncodings = 0;
			knownRegions = (
				en,
				Base,
			);
			mainGroup = 84CA96851F77A922004AA3D8;
			productRefGroup = 84CA968F1F77A922004AA3D8 /* Products */;
			projectDirPath = "";
			projectRoot = "";
			targets = (
				84CA968D1F77A922004AA3D8 /* RunnerApp */,
			);
		};
/* End PBXProject section */

/* Begin PBXResourcesBuildPhase section */
		84CA968C1F77A922004AA3D8 /* Resources */ = {
			isa = PBXResourcesBuildPhase;
			buildActionMask = 2147483647;
			files = (
				849F97901F7B956E009997E1 /* HelpeMenuVC.xib in Resources */,
				84CA969C1F77A922004AA3D8 /* LaunchScreen.storyboard in Resources */,
				84CA96B11F77A998004AA3D8 /* RegisterVC.xib in Resources */,
				84CA96B21F77A998004AA3D8 /* LoginVC.xib in Resources */,
				84CA96991F77A922004AA3D8 /* Assets.xcassets in Resources */,
				84D4C6F01F77D63C00D49B8D /* ForgotPasswordVC.xib in Resources */,
				84CA96971F77A922004AA3D8 /* Main.storyboard in Resources */,
			);
			runOnlyForDeploymentPostprocessing = 0;
		};
/* End PBXResourcesBuildPhase section */

/* Begin PBXShellScriptBuildPhase section */
		A5D44A62F56D9F7B68815CD7 /* [CP] Copy Pods Resources */ = {
			isa = PBXShellScriptBuildPhase;
			buildActionMask = 2147483647;
			files = (
			);
			inputPaths = (
			);
			name = "[CP] Copy Pods Resources";
			outputPaths = (
			);
			runOnlyForDeploymentPostprocessing = 0;
			shellPath = /bin/sh;
			shellScript = "\"${SRCROOT}/Pods/Target Support Files/Pods-RunnerApp/Pods-RunnerApp-resources.sh\"\n";
			showEnvVarsInLog = 0;
		};
		C15D00A9C5AD0C11E844981B /* [CP] Check Pods Manifest.lock */ = {
			isa = PBXShellScriptBuildPhase;
			buildActionMask = 2147483647;
			files = (
			);
			inputPaths = (
				"${PODS_PODFILE_DIR_PATH}/Podfile.lock",
				"${PODS_ROOT}/Manifest.lock",
			);
			name = "[CP] Check Pods Manifest.lock";
			outputPaths = (
				"$(DERIVED_FILE_DIR)/Pods-RunnerApp-checkManifestLockResult.txt",
			);
			runOnlyForDeploymentPostprocessing = 0;
			shellPath = /bin/sh;
			shellScript = "diff \"${PODS_PODFILE_DIR_PATH}/Podfile.lock\" \"${PODS_ROOT}/Manifest.lock\" > /dev/null\nif [ $? != 0 ] ; then\n    # print error to STDERR\n    echo \"error: The sandbox is not in sync with the Podfile.lock. Run 'pod install' or update your CocoaPods installation.\" >&2\n    exit 1\nfi\n# This output is used by Xcode 'outputs' to avoid re-running this script phase.\necho \"SUCCESS\" > \"${SCRIPT_OUTPUT_FILE_0}\"\n";
			showEnvVarsInLog = 0;
		};
		E21623352BE7D056CAB6413F /* [CP] Embed Pods Frameworks */ = {
			isa = PBXShellScriptBuildPhase;
			buildActionMask = 2147483647;
			files = (
			);
			inputPaths = (
				"${SRCROOT}/Pods/Target Support Files/Pods-RunnerApp/Pods-RunnerApp-frameworks.sh",
				"${BUILT_PRODUCTS_DIR}/Alamofire/Alamofire.framework",
				"${BUILT_PRODUCTS_DIR}/CDAlertView/CDAlertView.framework",
				"${BUILT_PRODUCTS_DIR}/IQKeyboardManagerSwift/IQKeyboardManagerSwift.framework",
				"${BUILT_PRODUCTS_DIR}/SwiftyJSON/SwiftyJSON.framework",
				"${BUILT_PRODUCTS_DIR}/SwiftyStarRatingView/SwiftyStarRatingView.framework",
			);
			name = "[CP] Embed Pods Frameworks";
			outputPaths = (
				"${TARGET_BUILD_DIR}/${FRAMEWORKS_FOLDER_PATH}/Alamofire.framework",
				"${TARGET_BUILD_DIR}/${FRAMEWORKS_FOLDER_PATH}/CDAlertView.framework",
				"${TARGET_BUILD_DIR}/${FRAMEWORKS_FOLDER_PATH}/IQKeyboardManagerSwift.framework",
				"${TARGET_BUILD_DIR}/${FRAMEWORKS_FOLDER_PATH}/SwiftyJSON.framework",
				"${TARGET_BUILD_DIR}/${FRAMEWORKS_FOLDER_PATH}/SwiftyStarRatingView.framework",
			);
			runOnlyForDeploymentPostprocessing = 0;
			shellPath = /bin/sh;
			shellScript = "\"${SRCROOT}/Pods/Target Support Files/Pods-RunnerApp/Pods-RunnerApp-frameworks.sh\"\n";
			showEnvVarsInLog = 0;
		};
/* End PBXShellScriptBuildPhase section */

/* Begin PBXSourcesBuildPhase section */
		84CA968A1F77A922004AA3D8 /* Sources */ = {
			isa = PBXSourcesBuildPhase;
			buildActionMask = 2147483647;
			files = (
				84E36ABB1F7A57970010FEF7 /* OrdersCell.swift in Sources */,
				84D4C6E51F77D50500D49B8D /* UIViewAnchorPoint.swift in Sources */,
				84D4C6EB1F77D51900D49B8D /* Constants.swift in Sources */,
				849F978F1F7B956E009997E1 /* HelpeMenuVC.swift in Sources */,
				84D4C6E21F77D50500D49B8D /* UILabelX.swift in Sources */,
				84D4C6F31F77D93A00D49B8D /* RegisterationDetailsVC.swift in Sources */,
				84D4C6E31F77D50500D49B8D /* UISliderX.swift in Sources */,
				84CA96941F77A922004AA3D8 /* ViewController.swift in Sources */,
				84D4C6E11F77D50500D49B8D /* UIImageViewX.swift in Sources */,
				84D4C6E71F77D50500D49B8D /* UIViewX.swift in Sources */,
				84D4C6E91F77D50500D49B8D /* UIVisualEffectViewX.swift in Sources */,
				84CA96921F77A922004AA3D8 /* AppDelegate.swift in Sources */,
				84E36AB91F7A57500010FEF7 /* OrdersTVC.swift in Sources */,
				84CA96B51F77AA10004AA3D8 /* LoginVC.swift in Sources */,
				84D4C6F81F77E89000D49B8D /* RegisterTimeSlotCell.swift in Sources */,
				849D583E1F795C1B00D746D1 /* ProfileVC.swift in Sources */,
				84D4C6E81F77D50500D49B8D /* UIViewXRadialGradient.swift in Sources */,
				84D4C6E61F77D50500D49B8D /* UIViewControllerX.swift in Sources */,
				849F978A1F7B904E009997E1 /* L012Localizer.swift in Sources */,
				84D4C6E01F77D50500D49B8D /* UIButtonX.swift in Sources */,
				84D4C6D31F77D48C00D49B8D /* MaterialView.swift in Sources */,
				84D4C6EF1F77D63C00D49B8D /* ForgotPasswordVC.swift in Sources */,
				849D583C1F793FA300D746D1 /* HomePageVC.swift in Sources */,
				84D4C6FA1F77FE3900D49B8D /* RegisterDataSelectionVC.swift in Sources */,
				84D4C6E41F77D50500D49B8D /* UITextFieldX.swift in Sources */,
				84D4C6CF1F77B06E00D49B8D /* Helpers.swift in Sources */,
				84D4C6D11F77B18600D49B8D /* RegisterVC.swift in Sources */,
				849F97891F7B904E009997E1 /* MirroringViewController.swift in Sources */,
				849F97881F7B904E009997E1 /* MirroringLabel.swift in Sources */,
				849F97871F7B904E009997E1 /* L102Language.swift in Sources */,
				84B356081F78F58000BE70A0 /* RegisterListOfDataCell.swift in Sources */,
				84E36ABD1F7A7CF30010FEF7 /* NewOrderVC.swift in Sources */,
			);
			runOnlyForDeploymentPostprocessing = 0;
		};
/* End PBXSourcesBuildPhase section */

/* Begin PBXVariantGroup section */
		84CA96951F77A922004AA3D8 /* Main.storyboard */ = {
			isa = PBXVariantGroup;
			children = (
				84CA96961F77A922004AA3D8 /* Base */,
			);
			name = Main.storyboard;
			sourceTree = "<group>";
		};
		84CA969A1F77A922004AA3D8 /* LaunchScreen.storyboard */ = {
			isa = PBXVariantGroup;
			children = (
				84CA969B1F77A922004AA3D8 /* Base */,
			);
			name = LaunchScreen.storyboard;
			sourceTree = "<group>";
		};
/* End PBXVariantGroup section */

/* Begin XCBuildConfiguration section */
		84CA969E1F77A922004AA3D8 /* Debug */ = {
			isa = XCBuildConfiguration;
			buildSettings = {
				ALWAYS_SEARCH_USER_PATHS = NO;
				CLANG_ANALYZER_NONNULL = YES;
				CLANG_CXX_LANGUAGE_STANDARD = "gnu++0x";
				CLANG_CXX_LIBRARY = "libc++";
				CLANG_ENABLE_MODULES = YES;
				CLANG_ENABLE_OBJC_ARC = YES;
				CLANG_WARN_BOOL_CONVERSION = YES;
				CLANG_WARN_CONSTANT_CONVERSION = YES;
				CLANG_WARN_DIRECT_OBJC_ISA_USAGE = YES_ERROR;
				CLANG_WARN_DOCUMENTATION_COMMENTS = YES;
				CLANG_WARN_EMPTY_BODY = YES;
				CLANG_WARN_ENUM_CONVERSION = YES;
				CLANG_WARN_INFINITE_RECURSION = YES;
				CLANG_WARN_INT_CONVERSION = YES;
				CLANG_WARN_OBJC_ROOT_CLASS = YES_ERROR;
				CLANG_WARN_SUSPICIOUS_MOVES = YES;
				CLANG_WARN_UNREACHABLE_CODE = YES;
				CLANG_WARN__DUPLICATE_METHOD_MATCH = YES;
				"CODE_SIGN_IDENTITY[sdk=iphoneos*]" = "iPhone Developer";
				COPY_PHASE_STRIP = NO;
				DEBUG_INFORMATION_FORMAT = dwarf;
				ENABLE_STRICT_OBJC_MSGSEND = YES;
				ENABLE_TESTABILITY = YES;
				GCC_C_LANGUAGE_STANDARD = gnu99;
				GCC_DYNAMIC_NO_PIC = NO;
				GCC_NO_COMMON_BLOCKS = YES;
				GCC_OPTIMIZATION_LEVEL = 0;
				GCC_PREPROCESSOR_DEFINITIONS = (
					"DEBUG=1",
					"$(inherited)",
				);
				GCC_WARN_64_TO_32_BIT_CONVERSION = YES;
				GCC_WARN_ABOUT_RETURN_TYPE = YES_ERROR;
				GCC_WARN_UNDECLARED_SELECTOR = YES;
				GCC_WARN_UNINITIALIZED_AUTOS = YES_AGGRESSIVE;
				GCC_WARN_UNUSED_FUNCTION = YES;
				GCC_WARN_UNUSED_VARIABLE = YES;
				IPHONEOS_DEPLOYMENT_TARGET = 9.3;
				MTL_ENABLE_DEBUG_INFO = YES;
				ONLY_ACTIVE_ARCH = YES;
				SDKROOT = iphoneos;
				SWIFT_ACTIVE_COMPILATION_CONDITIONS = DEBUG;
				SWIFT_OPTIMIZATION_LEVEL = "-Onone";
			};
			name = Debug;
		};
		84CA969F1F77A922004AA3D8 /* Release */ = {
			isa = XCBuildConfiguration;
			buildSettings = {
				ALWAYS_SEARCH_USER_PATHS = NO;
				CLANG_ANALYZER_NONNULL = YES;
				CLANG_CXX_LANGUAGE_STANDARD = "gnu++0x";
				CLANG_CXX_LIBRARY = "libc++";
				CLANG_ENABLE_MODULES = YES;
				CLANG_ENABLE_OBJC_ARC = YES;
				CLANG_WARN_BOOL_CONVERSION = YES;
				CLANG_WARN_CONSTANT_CONVERSION = YES;
				CLANG_WARN_DIRECT_OBJC_ISA_USAGE = YES_ERROR;
				CLANG_WARN_DOCUMENTATION_COMMENTS = YES;
				CLANG_WARN_EMPTY_BODY = YES;
				CLANG_WARN_ENUM_CONVERSION = YES;
				CLANG_WARN_INFINITE_RECURSION = YES;
				CLANG_WARN_INT_CONVERSION = YES;
				CLANG_WARN_OBJC_ROOT_CLASS = YES_ERROR;
				CLANG_WARN_SUSPICIOUS_MOVES = YES;
				CLANG_WARN_UNREACHABLE_CODE = YES;
				CLANG_WARN__DUPLICATE_METHOD_MATCH = YES;
				"CODE_SIGN_IDENTITY[sdk=iphoneos*]" = "iPhone Developer";
				COPY_PHASE_STRIP = NO;
				DEBUG_INFORMATION_FORMAT = "dwarf-with-dsym";
				ENABLE_NS_ASSERTIONS = NO;
				ENABLE_STRICT_OBJC_MSGSEND = YES;
				GCC_C_LANGUAGE_STANDARD = gnu99;
				GCC_NO_COMMON_BLOCKS = YES;
				GCC_WARN_64_TO_32_BIT_CONVERSION = YES;
				GCC_WARN_ABOUT_RETURN_TYPE = YES_ERROR;
				GCC_WARN_UNDECLARED_SELECTOR = YES;
				GCC_WARN_UNINITIALIZED_AUTOS = YES_AGGRESSIVE;
				GCC_WARN_UNUSED_FUNCTION = YES;
				GCC_WARN_UNUSED_VARIABLE = YES;
				IPHONEOS_DEPLOYMENT_TARGET = 9.3;
				MTL_ENABLE_DEBUG_INFO = NO;
				SDKROOT = iphoneos;
				SWIFT_OPTIMIZATION_LEVEL = "-Owholemodule";
				VALIDATE_PRODUCT = YES;
			};
			name = Release;
		};
		84CA96A11F77A922004AA3D8 /* Debug */ = {
			isa = XCBuildConfiguration;
			baseConfigurationReference = C81363A4D1FEDD168F35FC15 /* Pods-RunnerApp.debug.xcconfig */;
			buildSettings = {
				ASSETCATALOG_COMPILER_APPICON_NAME = AppIcon;
				DEVELOPMENT_TEAM = YKSLKY2D83;
				INFOPLIST_FILE = RunnerApp/Info.plist;
				IPHONEOS_DEPLOYMENT_TARGET = 9.3;
				LD_RUNPATH_SEARCH_PATHS = "$(inherited) @executable_path/Frameworks";
				PRODUCT_BUNDLE_IDENTIFIER = com.CreativeApps.RunnerApp;
				PRODUCT_NAME = "$(TARGET_NAME)";
				SWIFT_VERSION = 3.0;
			};
			name = Debug;
		};
		84CA96A21F77A922004AA3D8 /* Release */ = {
			isa = XCBuildConfiguration;
			baseConfigurationReference = C7FB78612D8E0E4C39EBD4E6 /* Pods-RunnerApp.release.xcconfig */;
			buildSettings = {
				ASSETCATALOG_COMPILER_APPICON_NAME = AppIcon;
				DEVELOPMENT_TEAM = YKSLKY2D83;
				INFOPLIST_FILE = RunnerApp/Info.plist;
				IPHONEOS_DEPLOYMENT_TARGET = 9.3;
				LD_RUNPATH_SEARCH_PATHS = "$(inherited) @executable_path/Frameworks";
				PRODUCT_BUNDLE_IDENTIFIER = com.CreativeApps.RunnerApp;
				PRODUCT_NAME = "$(TARGET_NAME)";
				SWIFT_VERSION = 3.0;
			};
			name = Release;
		};
/* End XCBuildConfiguration section */

/* Begin XCConfigurationList section */
		84CA96891F77A922004AA3D8 /* Build configuration list for PBXProject "RunnerApp" */ = {
			isa = XCConfigurationList;
			buildConfigurations = (
				84CA969E1F77A922004AA3D8 /* Debug */,
				84CA969F1F77A922004AA3D8 /* Release */,
			);
			defaultConfigurationIsVisible = 0;
			defaultConfigurationName = Release;
		};
		84CA96A01F77A922004AA3D8 /* Build configuration list for PBXNativeTarget "RunnerApp" */ = {
			isa = XCConfigurationList;
			buildConfigurations = (
				84CA96A11F77A922004AA3D8 /* Debug */,
				84CA96A21F77A922004AA3D8 /* Release */,
			);
			defaultConfigurationIsVisible = 0;
			defaultConfigurationName = Release;
		};
/* End XCConfigurationList section */
	};
	rootObject = 84CA96861F77A922004AA3D8 /* Project object */;
}
